// !$*UTF8*$!
{
	archiveVersion = 1;
	classes = {
	};
	objectVersion = 50;
	objects = {

/* Begin PBXBuildFile section */
		32D3FA48226F3BCF00384A4D /* AppDelegate.swift in Sources */ = {isa = PBXBuildFile; fileRef = 32D3FA47226F3BCF00384A4D /* AppDelegate.swift */; };
		32D3FA4A226F3BCF00384A4D /* ViewController.swift in Sources */ = {isa = PBXBuildFile; fileRef = 32D3FA49226F3BCF00384A4D /* ViewController.swift */; };
		32D3FA4D226F3BCF00384A4D /* Main.storyboard in Resources */ = {isa = PBXBuildFile; fileRef = 32D3FA4B226F3BCF00384A4D /* Main.storyboard */; };
		32D3FA4F226F3BD100384A4D /* Assets.xcassets in Resources */ = {isa = PBXBuildFile; fileRef = 32D3FA4E226F3BD100384A4D /* Assets.xcassets */; };
		32D3FA52226F3BD100384A4D /* LaunchScreen.storyboard in Resources */ = {isa = PBXBuildFile; fileRef = 32D3FA50226F3BD100384A4D /* LaunchScreen.storyboard */; };
		4B335579851CCDF957FEE2F2 /* Pods_FacebookLoginDemo.framework in Frameworks */ = {isa = PBXBuildFile; fileRef = D26F8349197131CA9D81845D /* Pods_FacebookLoginDemo.framework */; };
/* End PBXBuildFile section */

/* Begin PBXFileReference section */
		32D3FA44226F3BCF00384A4D /* FacebookLoginDemo.app */ = {isa = PBXFileReference; explicitFileType = wrapper.application; includeInIndex = 0; path = FacebookLoginDemo.app; sourceTree = BUILT_PRODUCTS_DIR; };
		32D3FA47226F3BCF00384A4D /* AppDelegate.swift */ = {isa = PBXFileReference; lastKnownFileType = sourcecode.swift; path = AppDelegate.swift; sourceTree = "<group>"; };
		32D3FA49226F3BCF00384A4D /* ViewController.swift */ = {isa = PBXFileReference; lastKnownFileType = sourcecode.swift; path = ViewController.swift; sourceTree = "<group>"; };
		32D3FA4C226F3BCF00384A4D /* Base */ = {isa = PBXFileReference; lastKnownFileType = file.storyboard; name = Base; path = Base.lproj/Main.storyboard; sourceTree = "<group>"; };
		32D3FA4E226F3BD100384A4D /* Assets.xcassets */ = {isa = PBXFileReference; lastKnownFileType = folder.assetcatalog; path = Assets.xcassets; sourceTree = "<group>"; };
		32D3FA51226F3BD100384A4D /* Base */ = {isa = PBXFileReference; lastKnownFileType = file.storyboard; name = Base; path = Base.lproj/LaunchScreen.storyboard; sourceTree = "<group>"; };
		32D3FA53226F3BD100384A4D /* Info.plist */ = {isa = PBXFileReference; lastKnownFileType = text.plist.xml; path = Info.plist; sourceTree = "<group>"; };
		8A2EBA55B2FB11AC02C36E13 /* Pods-FacebookLoginDemo.debug.xcconfig */ = {isa = PBXFileReference; includeInIndex = 1; lastKnownFileType = text.xcconfig; name = "Pods-FacebookLoginDemo.debug.xcconfig"; path = "Target Support Files/Pods-FacebookLoginDemo/Pods-FacebookLoginDemo.debug.xcconfig"; sourceTree = "<group>"; };
		B9003C79DFEF003597DB2211 /* Pods-FacebookLoginDemo.release.xcconfig */ = {isa = PBXFileReference; includeInIndex = 1; lastKnownFileType = text.xcconfig; name = "Pods-FacebookLoginDemo.release.xcconfig"; path = "Target Support Files/Pods-FacebookLoginDemo/Pods-FacebookLoginDemo.release.xcconfig"; sourceTree = "<group>"; };
		D26F8349197131CA9D81845D /* Pods_FacebookLoginDemo.framework */ = {isa = PBXFileReference; explicitFileType = wrapper.framework; includeInIndex = 0; path = Pods_FacebookLoginDemo.framework; sourceTree = BUILT_PRODUCTS_DIR; };
/* End PBXFileReference section */

/* Begin PBXFrameworksBuildPhase section */
		32D3FA41226F3BCF00384A4D /* Frameworks */ = {
			isa = PBXFrameworksBuildPhase;
			buildActionMask = 2147483647;
			files = (
				4B335579851CCDF957FEE2F2 /* Pods_FacebookLoginDemo.framework in Frameworks */,
			);
			runOnlyForDeploymentPostprocessing = 0;
		};
/* End PBXFrameworksBuildPhase section */

/* Begin PBXGroup section */
		178346760B1EA8887A2A5195 /* Pods */ = {
			isa = PBXGroup;
			children = (
				8A2EBA55B2FB11AC02C36E13 /* Pods-FacebookLoginDemo.debug.xcconfig */,
				B9003C79DFEF003597DB2211 /* Pods-FacebookLoginDemo.release.xcconfig */,
			);
			name = Pods;
			path = Pods;
			sourceTree = "<group>";
		};
		32D3FA3B226F3BCF00384A4D = {
			isa = PBXGroup;
			children = (
				32D3FA46226F3BCF00384A4D /* FacebookLoginDemo */,
				32D3FA45226F3BCF00384A4D /* Products */,
				178346760B1EA8887A2A5195 /* Pods */,
				50FA2176BAA7781A058D6D99 /* Frameworks */,
			);
			sourceTree = "<group>";
		};
		32D3FA45226F3BCF00384A4D /* Products */ = {
			isa = PBXGroup;
			children = (
				32D3FA44226F3BCF00384A4D /* FacebookLoginDemo.app */,
			);
			name = Products;
			sourceTree = "<group>";
		};
		32D3FA46226F3BCF00384A4D /* FacebookLoginDemo */ = {
			isa = PBXGroup;
			children = (
				32D3FA47226F3BCF00384A4D /* AppDelegate.swift */,
				32D3FA49226F3BCF00384A4D /* ViewController.swift */,
				32D3FA4B226F3BCF00384A4D /* Main.storyboard */,
				32D3FA4E226F3BD100384A4D /* Assets.xcassets */,
				32D3FA50226F3BD100384A4D /* LaunchScreen.storyboard */,
				32D3FA53226F3BD100384A4D /* Info.plist */,
			);
			path = FacebookLoginDemo;
			sourceTree = "<group>";
		};
		50FA2176BAA7781A058D6D99 /* Frameworks */ = {
			isa = PBXGroup;
			children = (
				D26F8349197131CA9D81845D /* Pods_FacebookLoginDemo.framework */,
			);
			name = Frameworks;
			sourceTree = "<group>";
		};
/* End PBXGroup section */

/* Begin PBXNativeTarget section */
		32D3FA43226F3BCF00384A4D /* FacebookLoginDemo */ = {
			isa = PBXNativeTarget;
			buildConfigurationList = 32D3FA56226F3BD100384A4D /* Build configuration list for PBXNativeTarget "FacebookLoginDemo" */;
			buildPhases = (
				D56E0447A6D23AC1491EB6AC /* [CP] Check Pods Manifest.lock */,
				32D3FA40226F3BCF00384A4D /* Sources */,
				32D3FA41226F3BCF00384A4D /* Frameworks */,
				32D3FA42226F3BCF00384A4D /* Resources */,
				E8780E3880F3839896181355 /* [CP] Embed Pods Frameworks */,
			);
			buildRules = (
			);
			dependencies = (
			);
			name = FacebookLoginDemo;
			productName = FacebookLoginDemo;
			productReference = 32D3FA44226F3BCF00384A4D /* FacebookLoginDemo.app */;
			productType = "com.apple.product-type.application";
		};
/* End PBXNativeTarget section */

/* Begin PBXProject section */
		32D3FA3C226F3BCF00384A4D /* Project object */ = {
			isa = PBXProject;
			attributes = {
				LastSwiftUpdateCheck = 1010;
				LastUpgradeCheck = 1010;
				ORGANIZATIONNAME = "Michal Moravík";
				TargetAttributes = {
					32D3FA43226F3BCF00384A4D = {
						CreatedOnToolsVersion = 10.1;
					};
				};
			};
			buildConfigurationList = 32D3FA3F226F3BCF00384A4D /* Build configuration list for PBXProject "FacebookLoginDemo" */;
			compatibilityVersion = "Xcode 9.3";
			developmentRegion = en;
			hasScannedForEncodings = 0;
			knownRegions = (
				en,
				Base,
			);
			mainGroup = 32D3FA3B226F3BCF00384A4D;
			productRefGroup = 32D3FA45226F3BCF00384A4D /* Products */;
			projectDirPath = "";
			projectRoot = "";
			targets = (
				32D3FA43226F3BCF00384A4D /* FacebookLoginDemo */,
			);
		};
/* End PBXProject section */

/* Begin PBXResourcesBuildPhase section */
		32D3FA42226F3BCF00384A4D /* Resources */ = {
			isa = PBXResourcesBuildPhase;
			buildActionMask = 2147483647;
			files = (
				32D3FA52226F3BD100384A4D /* LaunchScreen.storyboard in Resources */,
				32D3FA4F226F3BD100384A4D /* Assets.xcassets in Resources */,
				32D3FA4D226F3BCF00384A4D /* Main.storyboard in Resources */,
			);
			runOnlyForDeploymentPostprocessing = 0;
		};
/* End PBXResourcesBuildPhase section */

/* Begin PBXShellScriptBuildPhase section */
		D56E0447A6D23AC1491EB6AC /* [CP] Check Pods Manifest.lock */ = {
			isa = PBXShellScriptBuildPhase;
			buildActionMask = 2147483647;
			files = (
			);
			inputFileListPaths = (
			);
			inputPaths = (
				"${PODS_PODFILE_DIR_PATH}/Podfile.lock",
				"${PODS_ROOT}/Manifest.lock",
			);
			name = "[CP] Check Pods Manifest.lock";
			outputFileListPaths = (
			);
			outputPaths = (
				"$(DERIVED_FILE_DIR)/Pods-FacebookLoginDemo-checkManifestLockResult.txt",
			);
			runOnlyForDeploymentPostprocessing = 0;
			shellPath = /bin/sh;
			shellScript = "diff \"${PODS_PODFILE_DIR_PATH}/Podfile.lock\" \"${PODS_ROOT}/Manifest.lock\" > /dev/null\nif [ $? != 0 ] ; then\n    # print error to STDERR\n    echo \"error: The sandbox is not in sync with the Podfile.lock. Run 'pod install' or update your CocoaPods installation.\" >&2\n    exit 1\nfi\n# This output is used by Xcode 'outputs' to avoid re-running this script phase.\necho \"SUCCESS\" > \"${SCRIPT_OUTPUT_FILE_0}\"\n";
			showEnvVarsInLog = 0;
		};
		E8780E3880F3839896181355 /* [CP] Embed Pods Frameworks */ = {
			isa = PBXShellScriptBuildPhase;
			buildActionMask = 2147483647;
			files = (
			);
			inputFileListPaths = (
			);
			inputPaths = (
				"${PODS_ROOT}/Target Support Files/Pods-FacebookLoginDemo/Pods-FacebookLoginDemo-frameworks.sh",
				"${BUILT_PRODUCTS_DIR}/Bolts/Bolts.framework",
				"${BUILT_PRODUCTS_DIR}/FBSDKCoreKit/FBSDKCoreKit.framework",
				"${BUILT_PRODUCTS_DIR}/FBSDKLoginKit/FBSDKLoginKit.framework",
				"${BUILT_PRODUCTS_DIR}/FBSDKShareKit/FBSDKShareKit.framework",
				"${BUILT_PRODUCTS_DIR}/FacebookCore/FacebookCore.framework",
				"${BUILT_PRODUCTS_DIR}/FacebookLogin/FacebookLogin.framework",
				"${BUILT_PRODUCTS_DIR}/FacebookShare/FacebookShare.framework",
			);
			name = "[CP] Embed Pods Frameworks";
			outputFileListPaths = (
			);
			outputPaths = (
				"${TARGET_BUILD_DIR}/${FRAMEWORKS_FOLDER_PATH}/Bolts.framework",
				"${TARGET_BUILD_DIR}/${FRAMEWORKS_FOLDER_PATH}/FBSDKCoreKit.framework",
				"${TARGET_BUILD_DIR}/${FRAMEWORKS_FOLDER_PATH}/FBSDKLoginKit.framework",
				"${TARGET_BUILD_DIR}/${FRAMEWORKS_FOLDER_PATH}/FBSDKShareKit.framework",
				"${TARGET_BUILD_DIR}/${FRAMEWORKS_FOLDER_PATH}/FacebookCore.framework",
				"${TARGET_BUILD_DIR}/${FRAMEWORKS_FOLDER_PATH}/FacebookLogin.framework",
				"${TARGET_BUILD_DIR}/${FRAMEWORKS_FOLDER_PATH}/FacebookShare.framework",
			);
			runOnlyForDeploymentPostprocessing = 0;
			shellPath = /bin/sh;
			shellScript = "\"${PODS_ROOT}/Target Support Files/Pods-FacebookLoginDemo/Pods-FacebookLoginDemo-frameworks.sh\"\n";
			showEnvVarsInLog = 0;
		};
/* End PBXShellScriptBuildPhase section */

/* Begin PBXSourcesBuildPhase section */
		32D3FA40226F3BCF00384A4D /* Sources */ = {
			isa = PBXSourcesBuildPhase;
			buildActionMask = 2147483647;
			files = (
				32D3FA4A226F3BCF00384A4D /* ViewController.swift in Sources */,
				32D3FA48226F3BCF00384A4D /* AppDelegate.swift in Sources */,
			);
			runOnlyForDeploymentPostprocessing = 0;
		};
/* End PBXSourcesBuildPhase section */

/* Begin PBXVariantGroup section */
		32D3FA4B226F3BCF00384A4D /* Main.storyboard */ = {
			isa = PBXVariantGroup;
			children = (
				32D3FA4C226F3BCF00384A4D /* Base */,
			);
			name = Main.storyboard;
			sourceTree = "<group>";
		};
		32D3FA50226F3BD100384A4D /* LaunchScreen.storyboard */ = {
			isa = PBXVariantGroup;
			children = (
				32D3FA51226F3BD100384A4D /* Base */,
			);
			name = LaunchScreen.storyboard;
			sourceTree = "<group>";
		};
/* End PBXVariantGroup section */

/* Begin XCBuildConfiguration section */
		32D3FA54226F3BD100384A4D /* Debug */ = {
			isa = XCBuildConfiguration;
			buildSettings = {
				ALWAYS_SEARCH_USER_PATHS = NO;
				CLANG_ANALYZER_NONNULL = YES;
				CLANG_ANALYZER_NUMBER_OBJECT_CONVERSION = YES_AGGRESSIVE;
				CLANG_CXX_LANGUAGE_STANDARD = "gnu++14";
				CLANG_CXX_LIBRARY = "libc++";
				CLANG_ENABLE_MODULES = YES;
				CLANG_ENABLE_OBJC_ARC = YES;
				CLANG_ENABLE_OBJC_WEAK = YES;
				CLANG_WARN_BLOCK_CAPTURE_AUTORELEASING = YES;
				CLANG_WARN_BOOL_CONVERSION = YES;
				CLANG_WARN_COMMA = YES;
				CLANG_WARN_CONSTANT_CONVERSION = YES;
				CLANG_WARN_DEPRECATED_OBJC_IMPLEMENTATIONS = YES;
				CLANG_WARN_DIRECT_OBJC_ISA_USAGE = YES_ERROR;
				CLANG_WARN_DOCUMENTATION_COMMENTS = YES;
				CLANG_WARN_EMPTY_BODY = YES;
				CLANG_WARN_ENUM_CONVERSION = YES;
				CLANG_WARN_INFINITE_RECURSION = YES;
				CLANG_WARN_INT_CONVERSION = YES;
				CLANG_WARN_NON_LITERAL_NULL_CONVERSION = YES;
				CLANG_WARN_OBJC_IMPLICIT_RETAIN_SELF = YES;
				CLANG_WARN_OBJC_LITERAL_CONVERSION = YES;
				CLANG_WARN_OBJC_ROOT_CLASS = YES_ERROR;
				CLANG_WARN_RANGE_LOOP_ANALYSIS = YES;
				CLANG_WARN_STRICT_PROTOTYPES = YES;
				CLANG_WARN_SUSPICIOUS_MOVE = YES;
				CLANG_WARN_UNGUARDED_AVAILABILITY = YES_AGGRESSIVE;
				CLANG_WARN_UNREACHABLE_CODE = YES;
				CLANG_WARN__DUPLICATE_METHOD_MATCH = YES;
				CODE_SIGN_IDENTITY = "iPhone Developer";
				COPY_PHASE_STRIP = NO;
				DEBUG_INFORMATION_FORMAT = dwarf;
				ENABLE_STRICT_OBJC_MSGSEND = YES;
				ENABLE_TESTABILITY = YES;
				GCC_C_LANGUAGE_STANDARD = gnu11;
				GCC_DYNAMIC_NO_PIC = NO;
				GCC_NO_COMMON_BLOCKS = YES;
				GCC_OPTIMIZATION_LEVEL = 0;
				GCC_PREPROCESSOR_DEFINITIONS = (
					"DEBUG=1",
					"$(inherited)",
				);
				GCC_WARN_64_TO_32_BIT_CONVERSION = YES;
				GCC_WARN_ABOUT_RETURN_TYPE = YES_ERROR;
				GCC_WARN_UNDECLARED_SELECTOR = YES;
				GCC_WARN_UNINITIALIZED_AUTOS = YES_AGGRESSIVE;
				GCC_WARN_UNUSED_FUNCTION = YES;
				GCC_WARN_UNUSED_VARIABLE = YES;
				IPHONEOS_DEPLOYMENT_TARGET = 12.1;
				MTL_ENABLE_DEBUG_INFO = INCLUDE_SOURCE;
				MTL_FAST_MATH = YES;
				ONLY_ACTIVE_ARCH = YES;
				SDKROOT = iphoneos;
				SWIFT_ACTIVE_COMPILATION_CONDITIONS = DEBUG;
				SWIFT_OPTIMIZATION_LEVEL = "-Onone";
			};
			name = Debug;
		};
		32D3FA55226F3BD100384A4D /* Release */ = {
			isa = XCBuildConfiguration;
			buildSettings = {
				ALWAYS_SEARCH_USER_PATHS = NO;
				CLANG_ANALYZER_NONNULL = YES;
				CLANG_ANALYZER_NUMBER_OBJECT_CONVERSION = YES_AGGRESSIVE;
				CLANG_CXX_LANGUAGE_STANDARD = "gnu++14";
				CLANG_CXX_LIBRARY = "libc++";
				CLANG_ENABLE_MODULES = YES;
				CLANG_ENABLE_OBJC_ARC = YES;
				CLANG_ENABLE_OBJC_WEAK = YES;
				CLANG_WARN_BLOCK_CAPTURE_AUTORELEASING = YES;
				CLANG_WARN_BOOL_CONVERSION = YES;
				CLANG_WARN_COMMA = YES;
				CLANG_WARN_CONSTANT_CONVERSION = YES;
				CLANG_WARN_DEPRECATED_OBJC_IMPLEMENTATIONS = YES;
				CLANG_WARN_DIRECT_OBJC_ISA_USAGE = YES_ERROR;
				CLANG_WARN_DOCUMENTATION_COMMENTS = YES;
				CLANG_WARN_EMPTY_BODY = YES;
				CLANG_WARN_ENUM_CONVERSION = YES;
				CLANG_WARN_INFINITE_RECURSION = YES;
				CLANG_WARN_INT_CONVERSION = YES;
				CLANG_WARN_NON_LITERAL_NULL_CONVERSION = YES;
				CLANG_WARN_OBJC_IMPLICIT_RETAIN_SELF = YES;
				CLANG_WARN_OBJC_LITERAL_CONVERSION = YES;
				CLANG_WARN_OBJC_ROOT_CLASS = YES_ERROR;
				CLANG_WARN_RANGE_LOOP_ANALYSIS = YES;
				CLANG_WARN_STRICT_PROTOTYPES = YES;
				CLANG_WARN_SUSPICIOUS_MOVE = YES;
				CLANG_WARN_UNGUARDED_AVAILABILITY = YES_AGGRESSIVE;
				CLANG_WARN_UNREACHABLE_CODE = YES;
				CLANG_WARN__DUPLICATE_METHOD_MATCH = YES;
				CODE_SIGN_IDENTITY = "iPhone Developer";
				COPY_PHASE_STRIP = NO;
				DEBUG_INFORMATION_FORMAT = "dwarf-with-dsym";
				ENABLE_NS_ASSERTIONS = NO;
				ENABLE_STRICT_OBJC_MSGSEND = YES;
				GCC_C_LANGUAGE_STANDARD = gnu11;
				GCC_NO_COMMON_BLOCKS = YES;
				GCC_WARN_64_TO_32_BIT_CONVERSION = YES;
				GCC_WARN_ABOUT_RETURN_TYPE = YES_ERROR;
				GCC_WARN_UNDECLARED_SELECTOR = YES;
				GCC_WARN_UNINITIALIZED_AUTOS = YES_AGGRESSIVE;
				GCC_WARN_UNUSED_FUNCTION = YES;
				GCC_WARN_UNUSED_VARIABLE = YES;
				IPHONEOS_DEPLOYMENT_TARGET = 12.1;
				MTL_ENABLE_DEBUG_INFO = NO;
				MTL_FAST_MATH = YES;
				SDKROOT = iphoneos;
				SWIFT_COMPILATION_MODE = wholemodule;
				SWIFT_OPTIMIZATION_LEVEL = "-O";
				VALIDATE_PRODUCT = YES;
			};
			name = Release;
		};
		32D3FA57226F3BD100384A4D /* Debug */ = {
			isa = XCBuildConfiguration;
			baseConfigurationReference = 8A2EBA55B2FB11AC02C36E13 /* Pods-FacebookLoginDemo.debug.xcconfig */;
			buildSettings = {
				ASSETCATALOG_COMPILER_APPICON_NAME = AppIcon;
				CODE_SIGN_STYLE = Automatic;
				DEVELOPMENT_TEAM = K8J5F63DJQ;
				INFOPLIST_FILE = FacebookLoginDemo/Info.plist;
				LD_RUNPATH_SEARCH_PATHS = (
					"$(inherited)",
					"@executable_path/Frameworks",
				);
				PRODUCT_BUNDLE_IDENTIFIER = com.michalmoravik.FacebookLoginDemo;
				PRODUCT_NAME = "$(TARGET_NAME)";
				SWIFT_VERSION = 4.2;
				TARGETED_DEVICE_FAMILY = "1,2";
			};
			name = Debug;
		};
		32D3FA58226F3BD100384A4D /* Release */ = {
			isa = XCBuildConfiguration;
			baseConfigurationReference = B9003C79DFEF003597DB2211 /* Pods-FacebookLoginDemo.release.xcconfig */;
			buildSettings = {
				ASSETCATALOG_COMPILER_APPICON_NAME = AppIcon;
				CODE_SIGN_STYLE = Automatic;
				DEVELOPMENT_TEAM = K8J5F63DJQ;
				INFOPLIST_FILE = FacebookLoginDemo/Info.plist;
				LD_RUNPATH_SEARCH_PATHS = (
					"$(inherited)",
					"@executable_path/Frameworks",
				);
				PRODUCT_BUNDLE_IDENTIFIER = com.michalmoravik.FacebookLoginDemo;
				PRODUCT_NAME = "$(TARGET_NAME)";
				SWIFT_VERSION = 4.2;
				TARGETED_DEVICE_FAMILY = "1,2";
			};
			name = Release;
		};
/* End XCBuildConfiguration section */

/* Begin XCConfigurationList section */
		32D3FA3F226F3BCF00384A4D /* Build configuration list for PBXProject "FacebookLoginDemo" */ = {
			isa = XCConfigurationList;
			buildConfigurations = (
				32D3FA54226F3BD100384A4D /* Debug */,
				32D3FA55226F3BD100384A4D /* Release */,
			);
			defaultConfigurationIsVisible = 0;
			defaultConfigurationName = Release;
		};
		32D3FA56226F3BD100384A4D /* Build configuration list for PBXNativeTarget "FacebookLoginDemo" */ = {
			isa = XCConfigurationList;
			buildConfigurations = (
				32D3FA57226F3BD100384A4D /* Debug */,
				32D3FA58226F3BD100384A4D /* Release */,
			);
			defaultConfigurationIsVisible = 0;
			defaultConfigurationName = Release;
		};
/* End XCConfigurationList section */
	};
	rootObject = 32D3FA3C226F3BCF00384A4D /* Project object */;
}
