// !$*UTF8*$!
{
	archiveVersion = 1;
	classes = {
	};
	objectVersion = 50;
	objects = {

/* Begin PBXBuildFile section */
		324BD5D222575E83002B6CBC /* AppDelegate.swift in Sources */ = {isa = PBXBuildFile; fileRef = 324BD5D122575E83002B6CBC /* AppDelegate.swift */; };
		324BD5D722575E83002B6CBC /* Main.storyboard in Resources */ = {isa = PBXBuildFile; fileRef = 324BD5D522575E83002B6CBC /* Main.storyboard */; };
		324BD5D922575E85002B6CBC /* Assets.xcassets in Resources */ = {isa = PBXBuildFile; fileRef = 324BD5D822575E85002B6CBC /* Assets.xcassets */; };
		324BD5DC22575E85002B6CBC /* LaunchScreen.storyboard in Resources */ = {isa = PBXBuildFile; fileRef = 324BD5DA22575E85002B6CBC /* LaunchScreen.storyboard */; };
		324BD5E422575EED002B6CBC /* TableViewController.swift in Sources */ = {isa = PBXBuildFile; fileRef = 324BD5E322575EED002B6CBC /* TableViewController.swift */; };
		324BD5E6225765D4002B6CBC /* CustomCell.swift in Sources */ = {isa = PBXBuildFile; fileRef = 324BD5E5225765D4002B6CBC /* CustomCell.swift */; };
/* End PBXBuildFile section */

/* Begin PBXFileReference section */
		324BD5CE22575E83002B6CBC /* customCells.app */ = {isa = PBXFileReference; explicitFileType = wrapper.application; includeInIndex = 0; path = customCells.app; sourceTree = BUILT_PRODUCTS_DIR; };
		324BD5D122575E83002B6CBC /* AppDelegate.swift */ = {isa = PBXFileReference; lastKnownFileType = sourcecode.swift; path = AppDelegate.swift; sourceTree = "<group>"; };
		324BD5D622575E83002B6CBC /* Base */ = {isa = PBXFileReference; lastKnownFileType = file.storyboard; name = Base; path = Base.lproj/Main.storyboard; sourceTree = "<group>"; };
		324BD5D822575E85002B6CBC /* Assets.xcassets */ = {isa = PBXFileReference; lastKnownFileType = folder.assetcatalog; path = Assets.xcassets; sourceTree = "<group>"; };
		324BD5DB22575E85002B6CBC /* Base */ = {isa = PBXFileReference; lastKnownFileType = file.storyboard; name = Base; path = Base.lproj/LaunchScreen.storyboard; sourceTree = "<group>"; };
		324BD5DD22575E85002B6CBC /* Info.plist */ = {isa = PBXFileReference; lastKnownFileType = text.plist.xml; path = Info.plist; sourceTree = "<group>"; };
		324BD5E322575EED002B6CBC /* TableViewController.swift */ = {isa = PBXFileReference; lastKnownFileType = sourcecode.swift; path = TableViewController.swift; sourceTree = "<group>"; };
		324BD5E5225765D4002B6CBC /* CustomCell.swift */ = {isa = PBXFileReference; lastKnownFileType = sourcecode.swift; path = CustomCell.swift; sourceTree = "<group>"; };
/* End PBXFileReference section */

/* Begin PBXFrameworksBuildPhase section */
		324BD5CB22575E83002B6CBC /* Frameworks */ = {
			isa = PBXFrameworksBuildPhase;
			buildActionMask = 2147483647;
			files = (
			);
			runOnlyForDeploymentPostprocessing = 0;
		};
/* End PBXFrameworksBuildPhase section */

/* Begin PBXGroup section */
		324BD5C522575E83002B6CBC = {
			isa = PBXGroup;
			children = (
				324BD5D022575E83002B6CBC /* customCells */,
				324BD5CF22575E83002B6CBC /* Products */,
			);
			sourceTree = "<group>";
		};
		324BD5CF22575E83002B6CBC /* Products */ = {
			isa = PBXGroup;
			children = (
				324BD5CE22575E83002B6CBC /* customCells.app */,
			);
			name = Products;
			sourceTree = "<group>";
		};
		324BD5D022575E83002B6CBC /* customCells */ = {
			isa = PBXGroup;
			children = (
				324BD5D122575E83002B6CBC /* AppDelegate.swift */,
				324BD5D522575E83002B6CBC /* Main.storyboard */,
				324BD5D822575E85002B6CBC /* Assets.xcassets */,
				324BD5DA22575E85002B6CBC /* LaunchScreen.storyboard */,
				324BD5DD22575E85002B6CBC /* Info.plist */,
				324BD5E322575EED002B6CBC /* TableViewController.swift */,
				324BD5E5225765D4002B6CBC /* CustomCell.swift */,
			);
			path = customCells;
			sourceTree = "<group>";
		};
/* End PBXGroup section */

/* Begin PBXNativeTarget section */
		324BD5CD22575E83002B6CBC /* customCells */ = {
			isa = PBXNativeTarget;
			buildConfigurationList = 324BD5E022575E85002B6CBC /* Build configuration list for PBXNativeTarget "customCells" */;
			buildPhases = (
				324BD5CA22575E83002B6CBC /* Sources */,
				324BD5CB22575E83002B6CBC /* Frameworks */,
				324BD5CC22575E83002B6CBC /* Resources */,
			);
			buildRules = (
			);
			dependencies = (
			);
			name = customCells;
			productName = customCells;
			productReference = 324BD5CE22575E83002B6CBC /* customCells.app */;
			productType = "com.apple.product-type.application";
		};
/* End PBXNativeTarget section */

/* Begin PBXProject section */
		324BD5C622575E83002B6CBC /* Project object */ = {
			isa = PBXProject;
			attributes = {
				LastSwiftUpdateCheck = 1010;
				LastUpgradeCheck = 1010;
				ORGANIZATIONNAME = "Michal Moravík";
				TargetAttributes = {
					324BD5CD22575E83002B6CBC = {
						CreatedOnToolsVersion = 10.1;
					};
				};
			};
			buildConfigurationList = 324BD5C922575E83002B6CBC /* Build configuration list for PBXProject "customCells" */;
			compatibilityVersion = "Xcode 9.3";
			developmentRegion = en;
			hasScannedForEncodings = 0;
			knownRegions = (
				en,
				Base,
			);
			mainGroup = 324BD5C522575E83002B6CBC;
			productRefGroup = 324BD5CF22575E83002B6CBC /* Products */;
			projectDirPath = "";
			projectRoot = "";
			targets = (
				324BD5CD22575E83002B6CBC /* customCells */,
			);
		};
/* End PBXProject section */

/* Begin PBXResourcesBuildPhase section */
		324BD5CC22575E83002B6CBC /* Resources */ = {
			isa = PBXResourcesBuildPhase;
			buildActionMask = 2147483647;
			files = (
				324BD5DC22575E85002B6CBC /* LaunchScreen.storyboard in Resources */,
				324BD5D922575E85002B6CBC /* Assets.xcassets in Resources */,
				324BD5D722575E83002B6CBC /* Main.storyboard in Resources */,
			);
			runOnlyForDeploymentPostprocessing = 0;
		};
/* End PBXResourcesBuildPhase section */

/* Begin PBXSourcesBuildPhase section */
		324BD5CA22575E83002B6CBC /* Sources */ = {
			isa = PBXSourcesBuildPhase;
			buildActionMask = 2147483647;
			files = (
				324BD5E422575EED002B6CBC /* TableViewController.swift in Sources */,
				324BD5E6225765D4002B6CBC /* CustomCell.swift in Sources */,
				324BD5D222575E83002B6CBC /* AppDelegate.swift in Sources */,
			);
			runOnlyForDeploymentPostprocessing = 0;
		};
/* End PBXSourcesBuildPhase section */

/* Begin PBXVariantGroup section */
		324BD5D522575E83002B6CBC /* Main.storyboard */ = {
			isa = PBXVariantGroup;
			children = (
				324BD5D622575E83002B6CBC /* Base */,
			);
			name = Main.storyboard;
			sourceTree = "<group>";
		};
		324BD5DA22575E85002B6CBC /* LaunchScreen.storyboard */ = {
			isa = PBXVariantGroup;
			children = (
				324BD5DB22575E85002B6CBC /* Base */,
			);
			name = LaunchScreen.storyboard;
			sourceTree = "<group>";
		};
/* End PBXVariantGroup section */

/* Begin XCBuildConfiguration section */
		324BD5DE22575E85002B6CBC /* Debug */ = {
			isa = XCBuildConfiguration;
			buildSettings = {
				ALWAYS_SEARCH_USER_PATHS = NO;
				CLANG_ANALYZER_NONNULL = YES;
				CLANG_ANALYZER_NUMBER_OBJECT_CONVERSION = YES_AGGRESSIVE;
				CLANG_CXX_LANGUAGE_STANDARD = "gnu++14";
				CLANG_CXX_LIBRARY = "libc++";
				CLANG_ENABLE_MODULES = YES;
				CLANG_ENABLE_OBJC_ARC = YES;
				CLANG_ENABLE_OBJC_WEAK = YES;
				CLANG_WARN_BLOCK_CAPTURE_AUTORELEASING = YES;
				CLANG_WARN_BOOL_CONVERSION = YES;
				CLANG_WARN_COMMA = YES;
				CLANG_WARN_CONSTANT_CONVERSION = YES;
				CLANG_WARN_DEPRECATED_OBJC_IMPLEMENTATIONS = YES;
				CLANG_WARN_DIRECT_OBJC_ISA_USAGE = YES_ERROR;
				CLANG_WARN_DOCUMENTATION_COMMENTS = YES;
				CLANG_WARN_EMPTY_BODY = YES;
				CLANG_WARN_ENUM_CONVERSION = YES;
				CLANG_WARN_INFINITE_RECURSION = YES;
				CLANG_WARN_INT_CONVERSION = YES;
				CLANG_WARN_NON_LITERAL_NULL_CONVERSION = YES;
				CLANG_WARN_OBJC_IMPLICIT_RETAIN_SELF = YES;
				CLANG_WARN_OBJC_LITERAL_CONVERSION = YES;
				CLANG_WARN_OBJC_ROOT_CLASS = YES_ERROR;
				CLANG_WARN_RANGE_LOOP_ANALYSIS = YES;
				CLANG_WARN_STRICT_PROTOTYPES = YES;
				CLANG_WARN_SUSPICIOUS_MOVE = YES;
				CLANG_WARN_UNGUARDED_AVAILABILITY = YES_AGGRESSIVE;
				CLANG_WARN_UNREACHABLE_CODE = YES;
				CLANG_WARN__DUPLICATE_METHOD_MATCH = YES;
				CODE_SIGN_IDENTITY = "iPhone Developer";
				COPY_PHASE_STRIP = NO;
				DEBUG_INFORMATION_FORMAT = dwarf;
				ENABLE_STRICT_OBJC_MSGSEND = YES;
				ENABLE_TESTABILITY = YES;
				GCC_C_LANGUAGE_STANDARD = gnu11;
				GCC_DYNAMIC_NO_PIC = NO;
				GCC_NO_COMMON_BLOCKS = YES;
				GCC_OPTIMIZATION_LEVEL = 0;
				GCC_PREPROCESSOR_DEFINITIONS = (
					"DEBUG=1",
					"$(inherited)",
				);
				GCC_WARN_64_TO_32_BIT_CONVERSION = YES;
				GCC_WARN_ABOUT_RETURN_TYPE = YES_ERROR;
				GCC_WARN_UNDECLARED_SELECTOR = YES;
				GCC_WARN_UNINITIALIZED_AUTOS = YES_AGGRESSIVE;
				GCC_WARN_UNUSED_FUNCTION = YES;
				GCC_WARN_UNUSED_VARIABLE = YES;
				IPHONEOS_DEPLOYMENT_TARGET = 12.1;
				MTL_ENABLE_DEBUG_INFO = INCLUDE_SOURCE;
				MTL_FAST_MATH = YES;
				ONLY_ACTIVE_ARCH = YES;
				SDKROOT = iphoneos;
				SWIFT_ACTIVE_COMPILATION_CONDITIONS = DEBUG;
				SWIFT_OPTIMIZATION_LEVEL = "-Onone";
			};
			name = Debug;
		};
		324BD5DF22575E85002B6CBC /* Release */ = {
			isa = XCBuildConfiguration;
			buildSettings = {
				ALWAYS_SEARCH_USER_PATHS = NO;
				CLANG_ANALYZER_NONNULL = YES;
				CLANG_ANALYZER_NUMBER_OBJECT_CONVERSION = YES_AGGRESSIVE;
				CLANG_CXX_LANGUAGE_STANDARD = "gnu++14";
				CLANG_CXX_LIBRARY = "libc++";
				CLANG_ENABLE_MODULES = YES;
				CLANG_ENABLE_OBJC_ARC = YES;
				CLANG_ENABLE_OBJC_WEAK = YES;
				CLANG_WARN_BLOCK_CAPTURE_AUTORELEASING = YES;
				CLANG_WARN_BOOL_CONVERSION = YES;
				CLANG_WARN_COMMA = YES;
				CLANG_WARN_CONSTANT_CONVERSION = YES;
				CLANG_WARN_DEPRECATED_OBJC_IMPLEMENTATIONS = YES;
				CLANG_WARN_DIRECT_OBJC_ISA_USAGE = YES_ERROR;
				CLANG_WARN_DOCUMENTATION_COMMENTS = YES;
				CLANG_WARN_EMPTY_BODY = YES;
				CLANG_WARN_ENUM_CONVERSION = YES;
				CLANG_WARN_INFINITE_RECURSION = YES;
				CLANG_WARN_INT_CONVERSION = YES;
				CLANG_WARN_NON_LITERAL_NULL_CONVERSION = YES;
				CLANG_WARN_OBJC_IMPLICIT_RETAIN_SELF = YES;
				CLANG_WARN_OBJC_LITERAL_CONVERSION = YES;
				CLANG_WARN_OBJC_ROOT_CLASS = YES_ERROR;
				CLANG_WARN_RANGE_LOOP_ANALYSIS = YES;
				CLANG_WARN_STRICT_PROTOTYPES = YES;
				CLANG_WARN_SUSPICIOUS_MOVE = YES;
				CLANG_WARN_UNGUARDED_AVAILABILITY = YES_AGGRESSIVE;
				CLANG_WARN_UNREACHABLE_CODE = YES;
				CLANG_WARN__DUPLICATE_METHOD_MATCH = YES;
				CODE_SIGN_IDENTITY = "iPhone Developer";
				COPY_PHASE_STRIP = NO;
				DEBUG_INFORMATION_FORMAT = "dwarf-with-dsym";
				ENABLE_NS_ASSERTIONS = NO;
				ENABLE_STRICT_OBJC_MSGSEND = YES;
				GCC_C_LANGUAGE_STANDARD = gnu11;
				GCC_NO_COMMON_BLOCKS = YES;
				GCC_WARN_64_TO_32_BIT_CONVERSION = YES;
				GCC_WARN_ABOUT_RETURN_TYPE = YES_ERROR;
				GCC_WARN_UNDECLARED_SELECTOR = YES;
				GCC_WARN_UNINITIALIZED_AUTOS = YES_AGGRESSIVE;
				GCC_WARN_UNUSED_FUNCTION = YES;
				GCC_WARN_UNUSED_VARIABLE = YES;
				IPHONEOS_DEPLOYMENT_TARGET = 12.1;
				MTL_ENABLE_DEBUG_INFO = NO;
				MTL_FAST_MATH = YES;
				SDKROOT = iphoneos;
				SWIFT_COMPILATION_MODE = wholemodule;
				SWIFT_OPTIMIZATION_LEVEL = "-O";
				VALIDATE_PRODUCT = YES;
			};
			name = Release;
		};
		324BD5E122575E85002B6CBC /* Debug */ = {
			isa = XCBuildConfiguration;
			buildSettings = {
				ASSETCATALOG_COMPILER_APPICON_NAME = AppIcon;
				CODE_SIGN_STYLE = Automatic;
				DEVELOPMENT_TEAM = K8J5F63DJQ;
				INFOPLIST_FILE = customCells/Info.plist;
				LD_RUNPATH_SEARCH_PATHS = (
					"$(inherited)",
					"@executable_path/Frameworks",
				);
				PRODUCT_BUNDLE_IDENTIFIER = com.michalmoravik.customCells;
				PRODUCT_NAME = "$(TARGET_NAME)";
				SWIFT_VERSION = 4.2;
				TARGETED_DEVICE_FAMILY = "1,2";
			};
			name = Debug;
		};
		324BD5E222575E85002B6CBC /* Release */ = {
			isa = XCBuildConfiguration;
			buildSettings = {
				ASSETCATALOG_COMPILER_APPICON_NAME = AppIcon;
				CODE_SIGN_STYLE = Automatic;
				DEVELOPMENT_TEAM = K8J5F63DJQ;
				INFOPLIST_FILE = customCells/Info.plist;
				LD_RUNPATH_SEARCH_PATHS = (
					"$(inherited)",
					"@executable_path/Frameworks",
				);
				PRODUCT_BUNDLE_IDENTIFIER = com.michalmoravik.customCells;
				PRODUCT_NAME = "$(TARGET_NAME)";
				SWIFT_VERSION = 4.2;
				TARGETED_DEVICE_FAMILY = "1,2";
			};
			name = Release;
		};
/* End XCBuildConfiguration section */

/* Begin XCConfigurationList section */
		324BD5C922575E83002B6CBC /* Build configuration list for PBXProject "customCells" */ = {
			isa = XCConfigurationList;
			buildConfigurations = (
				324BD5DE22575E85002B6CBC /* Debug */,
				324BD5DF22575E85002B6CBC /* Release */,
			);
			defaultConfigurationIsVisible = 0;
			defaultConfigurationName = Release;
		};
		324BD5E022575E85002B6CBC /* Build configuration list for PBXNativeTarget "customCells" */ = {
			isa = XCConfigurationList;
			buildConfigurations = (
				324BD5E122575E85002B6CBC /* Debug */,
				324BD5E222575E85002B6CBC /* Release */,
			);
			defaultConfigurationIsVisible = 0;
			defaultConfigurationName = Release;
		};
/* End XCConfigurationList section */
	};
	rootObject = 324BD5C622575E83002B6CBC /* Project object */;
}
